// !$*UTF8*$!
{
	archiveVersion = 1;
	classes = {
	};
	objectVersion = 46;
	objects = {

/* Begin PBXBuildFile section */
		F14D4F931914627200E1061A /* CGMatchingView.m in Sources */ = {isa = PBXBuildFile; fileRef = F14D4F921914627200E1061A /* CGMatchingView.m */; };
		F1698EC01913343300DEE18B /* Foundation.framework in Frameworks */ = {isa = PBXBuildFile; fileRef = F1698EBF1913343300DEE18B /* Foundation.framework */; };
		F1698EC21913343300DEE18B /* CoreGraphics.framework in Frameworks */ = {isa = PBXBuildFile; fileRef = F1698EC11913343300DEE18B /* CoreGraphics.framework */; };
		F1698EC41913343300DEE18B /* UIKit.framework in Frameworks */ = {isa = PBXBuildFile; fileRef = F1698EC31913343300DEE18B /* UIKit.framework */; };
		F1698ECA1913343400DEE18B /* InfoPlist.strings in Resources */ = {isa = PBXBuildFile; fileRef = F1698EC81913343400DEE18B /* InfoPlist.strings */; };
		F1698ECC1913343400DEE18B /* main.m in Sources */ = {isa = PBXBuildFile; fileRef = F1698ECB1913343400DEE18B /* main.m */; };
		F1698ED01913343400DEE18B /* CGAppDelegate.m in Sources */ = {isa = PBXBuildFile; fileRef = F1698ECF1913343400DEE18B /* CGAppDelegate.m */; };
		F1698ED31913343400DEE18B /* Main.storyboard in Resources */ = {isa = PBXBuildFile; fileRef = F1698ED11913343400DEE18B /* Main.storyboard */; };
		F1698ED61913343400DEE18B /* CGViewController.m in Sources */ = {isa = PBXBuildFile; fileRef = F1698ED51913343400DEE18B /* CGViewController.m */; };
		F1698ED81913343400DEE18B /* Images.xcassets in Resources */ = {isa = PBXBuildFile; fileRef = F1698ED71913343400DEE18B /* Images.xcassets */; };
		F1698EDF1913343400DEE18B /* XCTest.framework in Frameworks */ = {isa = PBXBuildFile; fileRef = F1698EDE1913343400DEE18B /* XCTest.framework */; };
		F1698EE01913343400DEE18B /* Foundation.framework in Frameworks */ = {isa = PBXBuildFile; fileRef = F1698EBF1913343300DEE18B /* Foundation.framework */; };
		F1698EE11913343400DEE18B /* UIKit.framework in Frameworks */ = {isa = PBXBuildFile; fileRef = F1698EC31913343300DEE18B /* UIKit.framework */; };
		F1698EE91913343400DEE18B /* InfoPlist.strings in Resources */ = {isa = PBXBuildFile; fileRef = F1698EE71913343400DEE18B /* InfoPlist.strings */; };
		F1698EEB1913343400DEE18B /* CardGameTests.m in Sources */ = {isa = PBXBuildFile; fileRef = F1698EEA1913343400DEE18B /* CardGameTests.m */; };
		F1698EF6191337EE00DEE18B /* CGMatchingViewController.m in Sources */ = {isa = PBXBuildFile; fileRef = F1698EF5191337EE00DEE18B /* CGMatchingViewController.m */; };
		F1698EF91913380500DEE18B /* CGSetViewController.m in Sources */ = {isa = PBXBuildFile; fileRef = F1698EF81913380500DEE18B /* CGSetViewController.m */; };
		F1698EFF1913393400DEE18B /* CGCard.m in Sources */ = {isa = PBXBuildFile; fileRef = F1698EFE1913393400DEE18B /* CGCard.m */; };
		F1698F021913394900DEE18B /* CGDeck.m in Sources */ = {isa = PBXBuildFile; fileRef = F1698F011913394900DEE18B /* CGDeck.m */; };
		F1698F051913396000DEE18B /* CGHand.m in Sources */ = {isa = PBXBuildFile; fileRef = F1698F041913396000DEE18B /* CGHand.m */; };
		F1698F0819133B7D00DEE18B /* CGMatchingCard.m in Sources */ = {isa = PBXBuildFile; fileRef = F1698F0719133B7D00DEE18B /* CGMatchingCard.m */; };
		F1698F0B19133B9300DEE18B /* CGSetCard.m in Sources */ = {isa = PBXBuildFile; fileRef = F1698F0A19133B9300DEE18B /* CGSetCard.m */; };
		F1698F0E19133BAE00DEE18B /* CGMatchingDeck.m in Sources */ = {isa = PBXBuildFile; fileRef = F1698F0D19133BAE00DEE18B /* CGMatchingDeck.m */; };
		F1698F1119133BC200DEE18B /* CGSetDeck.m in Sources */ = {isa = PBXBuildFile; fileRef = F1698F1019133BC200DEE18B /* CGSetDeck.m */; };
		F1698F1419133BDC00DEE18B /* CGMatchingHand.m in Sources */ = {isa = PBXBuildFile; fileRef = F1698F1319133BDC00DEE18B /* CGMatchingHand.m */; };
		F1698F1719133BEB00DEE18B /* CGSetHand.m in Sources */ = {isa = PBXBuildFile; fileRef = F1698F1619133BEB00DEE18B /* CGSetHand.m */; };
		F1698F1D1913402400DEE18B /* CGSetPlay.m in Sources */ = {isa = PBXBuildFile; fileRef = F1698F1C1913402400DEE18B /* CGSetPlay.m */; };
		F176905C1916B28900E9CB8F /* playingcardback.png in Resources */ = {isa = PBXBuildFile; fileRef = F176905B1916B28900E9CB8F /* playingcardback.png */; };
		F1C11BEF1916EC2300182501 /* CGCardView.m in Sources */ = {isa = PBXBuildFile; fileRef = F1C11BEE1916EC2300182501 /* CGCardView.m */; };
/* End PBXBuildFile section */

/* Begin PBXContainerItemProxy section */
		F1698EE21913343400DEE18B /* PBXContainerItemProxy */ = {
			isa = PBXContainerItemProxy;
			containerPortal = F1698EB41913343300DEE18B /* Project object */;
			proxyType = 1;
			remoteGlobalIDString = F1698EBB1913343300DEE18B;
			remoteInfo = CardGame;
		};
/* End PBXContainerItemProxy section */

/* Begin PBXFileReference section */
		F14D4F911914627200E1061A /* CGMatchingView.h */ = {isa = PBXFileReference; fileEncoding = 4; lastKnownFileType = sourcecode.c.h; path = CGMatchingView.h; sourceTree = "<group>"; };
		F14D4F921914627200E1061A /* CGMatchingView.m */ = {isa = PBXFileReference; fileEncoding = 4; lastKnownFileType = sourcecode.c.objc; path = CGMatchingView.m; sourceTree = "<group>"; };
		F1698EBC1913343300DEE18B /* CardGame.app */ = {isa = PBXFileReference; explicitFileType = wrapper.application; includeInIndex = 0; path = CardGame.app; sourceTree = BUILT_PRODUCTS_DIR; };
		F1698EBF1913343300DEE18B /* Foundation.framework */ = {isa = PBXFileReference; lastKnownFileType = wrapper.framework; name = Foundation.framework; path = System/Library/Frameworks/Foundation.framework; sourceTree = SDKROOT; };
		F1698EC11913343300DEE18B /* CoreGraphics.framework */ = {isa = PBXFileReference; lastKnownFileType = wrapper.framework; name = CoreGraphics.framework; path = System/Library/Frameworks/CoreGraphics.framework; sourceTree = SDKROOT; };
		F1698EC31913343300DEE18B /* UIKit.framework */ = {isa = PBXFileReference; lastKnownFileType = wrapper.framework; name = UIKit.framework; path = System/Library/Frameworks/UIKit.framework; sourceTree = SDKROOT; };
		F1698EC71913343400DEE18B /* CardGame-Info.plist */ = {isa = PBXFileReference; lastKnownFileType = text.plist.xml; path = "CardGame-Info.plist"; sourceTree = "<group>"; };
		F1698EC91913343400DEE18B /* en */ = {isa = PBXFileReference; lastKnownFileType = text.plist.strings; name = en; path = en.lproj/InfoPlist.strings; sourceTree = "<group>"; };
		F1698ECB1913343400DEE18B /* main.m */ = {isa = PBXFileReference; lastKnownFileType = sourcecode.c.objc; path = main.m; sourceTree = "<group>"; };
		F1698ECD1913343400DEE18B /* CardGame-Prefix.pch */ = {isa = PBXFileReference; lastKnownFileType = sourcecode.c.h; path = "CardGame-Prefix.pch"; sourceTree = "<group>"; };
		F1698ECE1913343400DEE18B /* CGAppDelegate.h */ = {isa = PBXFileReference; lastKnownFileType = sourcecode.c.h; path = CGAppDelegate.h; sourceTree = "<group>"; };
		F1698ECF1913343400DEE18B /* CGAppDelegate.m */ = {isa = PBXFileReference; lastKnownFileType = sourcecode.c.objc; path = CGAppDelegate.m; sourceTree = "<group>"; };
		F1698ED21913343400DEE18B /* Base */ = {isa = PBXFileReference; lastKnownFileType = file.storyboard; name = Base; path = Base.lproj/Main.storyboard; sourceTree = "<group>"; };
		F1698ED41913343400DEE18B /* CGViewController.h */ = {isa = PBXFileReference; lastKnownFileType = sourcecode.c.h; path = CGViewController.h; sourceTree = "<group>"; };
		F1698ED51913343400DEE18B /* CGViewController.m */ = {isa = PBXFileReference; lastKnownFileType = sourcecode.c.objc; path = CGViewController.m; sourceTree = "<group>"; };
		F1698ED71913343400DEE18B /* Images.xcassets */ = {isa = PBXFileReference; lastKnownFileType = folder.assetcatalog; path = Images.xcassets; sourceTree = "<group>"; };
		F1698EDD1913343400DEE18B /* CardGameTests.xctest */ = {isa = PBXFileReference; explicitFileType = wrapper.cfbundle; includeInIndex = 0; path = CardGameTests.xctest; sourceTree = BUILT_PRODUCTS_DIR; };
		F1698EDE1913343400DEE18B /* XCTest.framework */ = {isa = PBXFileReference; lastKnownFileType = wrapper.framework; name = XCTest.framework; path = Library/Frameworks/XCTest.framework; sourceTree = DEVELOPER_DIR; };
		F1698EE61913343400DEE18B /* CardGameTests-Info.plist */ = {isa = PBXFileReference; lastKnownFileType = text.plist.xml; path = "CardGameTests-Info.plist"; sourceTree = "<group>"; };
		F1698EE81913343400DEE18B /* en */ = {isa = PBXFileReference; lastKnownFileType = text.plist.strings; name = en; path = en.lproj/InfoPlist.strings; sourceTree = "<group>"; };
		F1698EEA1913343400DEE18B /* CardGameTests.m */ = {isa = PBXFileReference; lastKnownFileType = sourcecode.c.objc; path = CardGameTests.m; sourceTree = "<group>"; };
		F1698EF4191337EE00DEE18B /* CGMatchingViewController.h */ = {isa = PBXFileReference; fileEncoding = 4; lastKnownFileType = sourcecode.c.h; path = CGMatchingViewController.h; sourceTree = "<group>"; };
		F1698EF5191337EE00DEE18B /* CGMatchingViewController.m */ = {isa = PBXFileReference; fileEncoding = 4; lastKnownFileType = sourcecode.c.objc; path = CGMatchingViewController.m; sourceTree = "<group>"; };
		F1698EF71913380500DEE18B /* CGSetViewController.h */ = {isa = PBXFileReference; fileEncoding = 4; lastKnownFileType = sourcecode.c.h; path = CGSetViewController.h; sourceTree = "<group>"; };
		F1698EF81913380500DEE18B /* CGSetViewController.m */ = {isa = PBXFileReference; fileEncoding = 4; lastKnownFileType = sourcecode.c.objc; path = CGSetViewController.m; sourceTree = "<group>"; };
		F1698EFD1913393400DEE18B /* CGCard.h */ = {isa = PBXFileReference; fileEncoding = 4; lastKnownFileType = sourcecode.c.h; path = CGCard.h; sourceTree = "<group>"; };
		F1698EFE1913393400DEE18B /* CGCard.m */ = {isa = PBXFileReference; fileEncoding = 4; lastKnownFileType = sourcecode.c.objc; path = CGCard.m; sourceTree = "<group>"; };
		F1698F001913394900DEE18B /* CGDeck.h */ = {isa = PBXFileReference; fileEncoding = 4; lastKnownFileType = sourcecode.c.h; path = CGDeck.h; sourceTree = "<group>"; };
		F1698F011913394900DEE18B /* CGDeck.m */ = {isa = PBXFileReference; fileEncoding = 4; lastKnownFileType = sourcecode.c.objc; path = CGDeck.m; sourceTree = "<group>"; };
		F1698F031913396000DEE18B /* CGHand.h */ = {isa = PBXFileReference; fileEncoding = 4; lastKnownFileType = sourcecode.c.h; path = CGHand.h; sourceTree = "<group>"; };
		F1698F041913396000DEE18B /* CGHand.m */ = {isa = PBXFileReference; fileEncoding = 4; lastKnownFileType = sourcecode.c.objc; path = CGHand.m; sourceTree = "<group>"; };
		F1698F0619133B7D00DEE18B /* CGMatchingCard.h */ = {isa = PBXFileReference; fileEncoding = 4; lastKnownFileType = sourcecode.c.h; path = CGMatchingCard.h; sourceTree = "<group>"; };
		F1698F0719133B7D00DEE18B /* CGMatchingCard.m */ = {isa = PBXFileReference; fileEncoding = 4; lastKnownFileType = sourcecode.c.objc; path = CGMatchingCard.m; sourceTree = "<group>"; };
		F1698F0919133B9300DEE18B /* CGSetCard.h */ = {isa = PBXFileReference; fileEncoding = 4; lastKnownFileType = sourcecode.c.h; path = CGSetCard.h; sourceTree = "<group>"; };
		F1698F0A19133B9300DEE18B /* CGSetCard.m */ = {isa = PBXFileReference; fileEncoding = 4; lastKnownFileType = sourcecode.c.objc; path = CGSetCard.m; sourceTree = "<group>"; };
		F1698F0C19133BAE00DEE18B /* CGMatchingDeck.h */ = {isa = PBXFileReference; fileEncoding = 4; lastKnownFileType = sourcecode.c.h; path = CGMatchingDeck.h; sourceTree = "<group>"; };
		F1698F0D19133BAE00DEE18B /* CGMatchingDeck.m */ = {isa = PBXFileReference; fileEncoding = 4; lastKnownFileType = sourcecode.c.objc; path = CGMatchingDeck.m; sourceTree = "<group>"; };
		F1698F0F19133BC200DEE18B /* CGSetDeck.h */ = {isa = PBXFileReference; fileEncoding = 4; lastKnownFileType = sourcecode.c.h; path = CGSetDeck.h; sourceTree = "<group>"; };
		F1698F1019133BC200DEE18B /* CGSetDeck.m */ = {isa = PBXFileReference; fileEncoding = 4; lastKnownFileType = sourcecode.c.objc; path = CGSetDeck.m; sourceTree = "<group>"; };
		F1698F1219133BDC00DEE18B /* CGMatchingHand.h */ = {isa = PBXFileReference; fileEncoding = 4; lastKnownFileType = sourcecode.c.h; path = CGMatchingHand.h; sourceTree = "<group>"; };
		F1698F1319133BDC00DEE18B /* CGMatchingHand.m */ = {isa = PBXFileReference; fileEncoding = 4; lastKnownFileType = sourcecode.c.objc; path = CGMatchingHand.m; sourceTree = "<group>"; };
		F1698F1519133BEB00DEE18B /* CGSetHand.h */ = {isa = PBXFileReference; fileEncoding = 4; lastKnownFileType = sourcecode.c.h; path = CGSetHand.h; sourceTree = "<group>"; };
		F1698F1619133BEB00DEE18B /* CGSetHand.m */ = {isa = PBXFileReference; fileEncoding = 4; lastKnownFileType = sourcecode.c.objc; path = CGSetHand.m; sourceTree = "<group>"; };
		F1698F1B1913402400DEE18B /* CGSetPlay.h */ = {isa = PBXFileReference; fileEncoding = 4; lastKnownFileType = sourcecode.c.h; path = CGSetPlay.h; sourceTree = "<group>"; };
		F1698F1C1913402400DEE18B /* CGSetPlay.m */ = {isa = PBXFileReference; fileEncoding = 4; lastKnownFileType = sourcecode.c.objc; path = CGSetPlay.m; sourceTree = "<group>"; };
		F176905B1916B28900E9CB8F /* playingcardback.png */ = {isa = PBXFileReference; lastKnownFileType = image.png; path = playingcardback.png; sourceTree = "<group>"; };
		F1C11BED1916EC2300182501 /* CGCardView.h */ = {isa = PBXFileReference; fileEncoding = 4; lastKnownFileType = sourcecode.c.h; path = CGCardView.h; sourceTree = "<group>"; };
		F1C11BEE1916EC2300182501 /* CGCardView.m */ = {isa = PBXFileReference; fileEncoding = 4; lastKnownFileType = sourcecode.c.objc; path = CGCardView.m; sourceTree = "<group>"; };
/* End PBXFileReference section */

/* Begin PBXFrameworksBuildPhase section */
		F1698EB91913343300DEE18B /* Frameworks */ = {
			isa = PBXFrameworksBuildPhase;
			buildActionMask = 2147483647;
			files = (
				F1698EC21913343300DEE18B /* CoreGraphics.framework in Frameworks */,
				F1698EC41913343300DEE18B /* UIKit.framework in Frameworks */,
				F1698EC01913343300DEE18B /* Foundation.framework in Frameworks */,
			);
			runOnlyForDeploymentPostprocessing = 0;
		};
		F1698EDA1913343400DEE18B /* Frameworks */ = {
			isa = PBXFrameworksBuildPhase;
			buildActionMask = 2147483647;
			files = (
				F1698EDF1913343400DEE18B /* XCTest.framework in Frameworks */,
				F1698EE11913343400DEE18B /* UIKit.framework in Frameworks */,
				F1698EE01913343400DEE18B /* Foundation.framework in Frameworks */,
			);
			runOnlyForDeploymentPostprocessing = 0;
		};
/* End PBXFrameworksBuildPhase section */

/* Begin PBXGroup section */
		F1698EB31913343300DEE18B = {
			isa = PBXGroup;
			children = (
				F1698EC51913343300DEE18B /* CardGame */,
				F1698EE41913343400DEE18B /* CardGameTests */,
				F1698EBE1913343300DEE18B /* Frameworks */,
				F1698EBD1913343300DEE18B /* Products */,
			);
			sourceTree = "<group>";
		};
		F1698EBD1913343300DEE18B /* Products */ = {
			isa = PBXGroup;
			children = (
				F1698EBC1913343300DEE18B /* CardGame.app */,
				F1698EDD1913343400DEE18B /* CardGameTests.xctest */,
			);
			name = Products;
			sourceTree = "<group>";
		};
		F1698EBE1913343300DEE18B /* Frameworks */ = {
			isa = PBXGroup;
			children = (
				F1698EBF1913343300DEE18B /* Foundation.framework */,
				F1698EC11913343300DEE18B /* CoreGraphics.framework */,
				F1698EC31913343300DEE18B /* UIKit.framework */,
				F1698EDE1913343400DEE18B /* XCTest.framework */,
			);
			name = Frameworks;
			sourceTree = "<group>";
		};
		F1698EC51913343300DEE18B /* CardGame */ = {
			isa = PBXGroup;
			children = (
				F1698ED11913343400DEE18B /* Main.storyboard */,
				F1698EFA191338B800DEE18B /* Model */,
				F1698EFB191338C100DEE18B /* Controller */,
				F1698EFC191338CD00DEE18B /* View */,
				F1698EC61913343400DEE18B /* Supporting Files */,
			);
			path = CardGame;
			sourceTree = "<group>";
		};
		F1698EC61913343400DEE18B /* Supporting Files */ = {
			isa = PBXGroup;
			children = (
				F1698ED71913343400DEE18B /* Images.xcassets */,
				F1698ECE1913343400DEE18B /* CGAppDelegate.h */,
				F1698ECF1913343400DEE18B /* CGAppDelegate.m */,
				F176905B1916B28900E9CB8F /* playingcardback.png */,
				F1698EC71913343400DEE18B /* CardGame-Info.plist */,
				F1698EC81913343400DEE18B /* InfoPlist.strings */,
				F1698ECB1913343400DEE18B /* main.m */,
				F1698ECD1913343400DEE18B /* CardGame-Prefix.pch */,
			);
			name = "Supporting Files";
			sourceTree = "<group>";
		};
		F1698EE41913343400DEE18B /* CardGameTests */ = {
			isa = PBXGroup;
			children = (
				F1698EEA1913343400DEE18B /* CardGameTests.m */,
				F1698EE51913343400DEE18B /* Supporting Files */,
			);
			path = CardGameTests;
			sourceTree = "<group>";
		};
		F1698EE51913343400DEE18B /* Supporting Files */ = {
			isa = PBXGroup;
			children = (
				F1698EE61913343400DEE18B /* CardGameTests-Info.plist */,
				F1698EE71913343400DEE18B /* InfoPlist.strings */,
			);
			name = "Supporting Files";
			sourceTree = "<group>";
		};
		F1698EFA191338B800DEE18B /* Model */ = {
			isa = PBXGroup;
			children = (
				F1698EFD1913393400DEE18B /* CGCard.h */,
				F1698EFE1913393400DEE18B /* CGCard.m */,
				F1698F001913394900DEE18B /* CGDeck.h */,
				F1698F011913394900DEE18B /* CGDeck.m */,
				F1698F031913396000DEE18B /* CGHand.h */,
				F1698F041913396000DEE18B /* CGHand.m */,
				F1698F0619133B7D00DEE18B /* CGMatchingCard.h */,
				F1698F0719133B7D00DEE18B /* CGMatchingCard.m */,
				F1698F0919133B9300DEE18B /* CGSetCard.h */,
				F1698F0A19133B9300DEE18B /* CGSetCard.m */,
				F1698F0C19133BAE00DEE18B /* CGMatchingDeck.h */,
				F1698F0D19133BAE00DEE18B /* CGMatchingDeck.m */,
				F1698F0F19133BC200DEE18B /* CGSetDeck.h */,
				F1698F1019133BC200DEE18B /* CGSetDeck.m */,
				F1698F1219133BDC00DEE18B /* CGMatchingHand.h */,
				F1698F1319133BDC00DEE18B /* CGMatchingHand.m */,
				F1698F1519133BEB00DEE18B /* CGSetHand.h */,
				F1698F1619133BEB00DEE18B /* CGSetHand.m */,
				F1698F1B1913402400DEE18B /* CGSetPlay.h */,
				F1698F1C1913402400DEE18B /* CGSetPlay.m */,
			);
			name = Model;
			sourceTree = "<group>";
		};
		F1698EFB191338C100DEE18B /* Controller */ = {
			isa = PBXGroup;
			children = (
				F1698EF4191337EE00DEE18B /* CGMatchingViewController.h */,
				F1698EF5191337EE00DEE18B /* CGMatchingViewController.m */,
				F1698EF71913380500DEE18B /* CGSetViewController.h */,
				F1698EF81913380500DEE18B /* CGSetViewController.m */,
				F1698ED41913343400DEE18B /* CGViewController.h */,
				F1698ED51913343400DEE18B /* CGViewController.m */,
			);
			name = Controller;
			sourceTree = "<group>";
		};
		F1698EFC191338CD00DEE18B /* View */ = {
			isa = PBXGroup;
			children = (
				F14D4F911914627200E1061A /* CGMatchingView.h */,
				F14D4F921914627200E1061A /* CGMatchingView.m */,
				F1C11BED1916EC2300182501 /* CGCardView.h */,
				F1C11BEE1916EC2300182501 /* CGCardView.m */,
			);
			name = View;
			sourceTree = "<group>";
		};
/* End PBXGroup section */

/* Begin PBXNativeTarget section */
		F1698EBB1913343300DEE18B /* CardGame */ = {
			isa = PBXNativeTarget;
			buildConfigurationList = F1698EEE1913343400DEE18B /* Build configuration list for PBXNativeTarget "CardGame" */;
			buildPhases = (
				F1698EB81913343300DEE18B /* Sources */,
				F1698EB91913343300DEE18B /* Frameworks */,
				F1698EBA1913343300DEE18B /* Resources */,
			);
			buildRules = (
			);
			dependencies = (
			);
			name = CardGame;
			productName = CardGame;
			productReference = F1698EBC1913343300DEE18B /* CardGame.app */;
			productType = "com.apple.product-type.application";
		};
		F1698EDC1913343400DEE18B /* CardGameTests */ = {
			isa = PBXNativeTarget;
			buildConfigurationList = F1698EF11913343400DEE18B /* Build configuration list for PBXNativeTarget "CardGameTests" */;
			buildPhases = (
				F1698ED91913343400DEE18B /* Sources */,
				F1698EDA1913343400DEE18B /* Frameworks */,
				F1698EDB1913343400DEE18B /* Resources */,
			);
			buildRules = (
			);
			dependencies = (
				F1698EE31913343400DEE18B /* PBXTargetDependency */,
			);
			name = CardGameTests;
			productName = CardGameTests;
			productReference = F1698EDD1913343400DEE18B /* CardGameTests.xctest */;
			productType = "com.apple.product-type.bundle.unit-test";
		};
/* End PBXNativeTarget section */

/* Begin PBXProject section */
		F1698EB41913343300DEE18B /* Project object */ = {
			isa = PBXProject;
			attributes = {
				CLASSPREFIX = CG;
				LastUpgradeCheck = 0510;
				ORGANIZATIONNAME = merck;
				TargetAttributes = {
					F1698EDC1913343400DEE18B = {
						TestTargetID = F1698EBB1913343300DEE18B;
					};
				};
			};
			buildConfigurationList = F1698EB71913343300DEE18B /* Build configuration list for PBXProject "CardGame" */;
			compatibilityVersion = "Xcode 3.2";
			developmentRegion = English;
			hasScannedForEncodings = 0;
			knownRegions = (
				en,
				Base,
			);
			mainGroup = F1698EB31913343300DEE18B;
			productRefGroup = F1698EBD1913343300DEE18B /* Products */;
			projectDirPath = "";
			projectRoot = "";
			targets = (
				F1698EBB1913343300DEE18B /* CardGame */,
				F1698EDC1913343400DEE18B /* CardGameTests */,
			);
		};
/* End PBXProject section */

/* Begin PBXResourcesBuildPhase section */
		F1698EBA1913343300DEE18B /* Resources */ = {
			isa = PBXResourcesBuildPhase;
			buildActionMask = 2147483647;
			files = (
				F1698ED81913343400DEE18B /* Images.xcassets in Resources */,
				F1698ECA1913343400DEE18B /* InfoPlist.strings in Resources */,
				F176905C1916B28900E9CB8F /* playingcardback.png in Resources */,
				F1698ED31913343400DEE18B /* Main.storyboard in Resources */,
			);
			runOnlyForDeploymentPostprocessing = 0;
		};
		F1698EDB1913343400DEE18B /* Resources */ = {
			isa = PBXResourcesBuildPhase;
			buildActionMask = 2147483647;
			files = (
				F1698EE91913343400DEE18B /* InfoPlist.strings in Resources */,
			);
			runOnlyForDeploymentPostprocessing = 0;
		};
/* End PBXResourcesBuildPhase section */

/* Begin PBXSourcesBuildPhase section */
		F1698EB81913343300DEE18B /* Sources */ = {
			isa = PBXSourcesBuildPhase;
			buildActionMask = 2147483647;
			files = (
				F1698F051913396000DEE18B /* CGHand.m in Sources */,
				F1698F1719133BEB00DEE18B /* CGSetHand.m in Sources */,
				F1698F1D1913402400DEE18B /* CGSetPlay.m in Sources */,
				F1698ED01913343400DEE18B /* CGAppDelegate.m in Sources */,
				F1698F0B19133B9300DEE18B /* CGSetCard.m in Sources */,
				F1698F1419133BDC00DEE18B /* CGMatchingHand.m in Sources */,
				F1698EFF1913393400DEE18B /* CGCard.m in Sources */,
				F1C11BEF1916EC2300182501 /* CGCardView.m in Sources */,
				F14D4F931914627200E1061A /* CGMatchingView.m in Sources */,
				F1698EF6191337EE00DEE18B /* CGMatchingViewController.m in Sources */,
				F1698F0E19133BAE00DEE18B /* CGMatchingDeck.m in Sources */,
				F1698EF91913380500DEE18B /* CGSetViewController.m in Sources */,
				F1698ECC1913343400DEE18B /* main.m in Sources */,
				F1698F021913394900DEE18B /* CGDeck.m in Sources */,
				F1698ED61913343400DEE18B /* CGViewController.m in Sources */,
				F1698F0819133B7D00DEE18B /* CGMatchingCard.m in Sources */,
				F1698F1119133BC200DEE18B /* CGSetDeck.m in Sources */,
			);
			runOnlyForDeploymentPostprocessing = 0;
		};
		F1698ED91913343400DEE18B /* Sources */ = {
			isa = PBXSourcesBuildPhase;
			buildActionMask = 2147483647;
			files = (
				F1698EEB1913343400DEE18B /* CardGameTests.m in Sources */,
			);
			runOnlyForDeploymentPostprocessing = 0;
		};
/* End PBXSourcesBuildPhase section */

/* Begin PBXTargetDependency section */
		F1698EE31913343400DEE18B /* PBXTargetDependency */ = {
			isa = PBXTargetDependency;
			target = F1698EBB1913343300DEE18B /* CardGame */;
			targetProxy = F1698EE21913343400DEE18B /* PBXContainerItemProxy */;
		};
/* End PBXTargetDependency section */

/* Begin PBXVariantGroup section */
		F1698EC81913343400DEE18B /* InfoPlist.strings */ = {
			isa = PBXVariantGroup;
			children = (
				F1698EC91913343400DEE18B /* en */,
			);
			name = InfoPlist.strings;
			sourceTree = "<group>";
		};
		F1698ED11913343400DEE18B /* Main.storyboard */ = {
			isa = PBXVariantGroup;
			children = (
				F1698ED21913343400DEE18B /* Base */,
			);
			name = Main.storyboard;
			sourceTree = "<group>";
		};
		F1698EE71913343400DEE18B /* InfoPlist.strings */ = {
			isa = PBXVariantGroup;
			children = (
				F1698EE81913343400DEE18B /* en */,
			);
			name = InfoPlist.strings;
			sourceTree = "<group>";
		};
/* End PBXVariantGroup section */

/* Begin XCBuildConfiguration section */
		F1698EEC1913343400DEE18B /* Debug */ = {
			isa = XCBuildConfiguration;
			buildSettings = {
				ALWAYS_SEARCH_USER_PATHS = NO;
				CLANG_CXX_LANGUAGE_STANDARD = "gnu++0x";
				CLANG_CXX_LIBRARY = "libc++";
				CLANG_ENABLE_MODULES = YES;
				CLANG_ENABLE_OBJC_ARC = YES;
				CLANG_WARN_BOOL_CONVERSION = YES;
				CLANG_WARN_CONSTANT_CONVERSION = YES;
				CLANG_WARN_DIRECT_OBJC_ISA_USAGE = YES_ERROR;
				CLANG_WARN_EMPTY_BODY = YES;
				CLANG_WARN_ENUM_CONVERSION = YES;
				CLANG_WARN_INT_CONVERSION = YES;
				CLANG_WARN_OBJC_ROOT_CLASS = YES_ERROR;
				CLANG_WARN__DUPLICATE_METHOD_MATCH = YES;
				"CODE_SIGN_IDENTITY[sdk=iphoneos*]" = "iPhone Developer";
				COPY_PHASE_STRIP = NO;
				GCC_C_LANGUAGE_STANDARD = gnu99;
				GCC_DYNAMIC_NO_PIC = NO;
				GCC_OPTIMIZATION_LEVEL = 0;
				GCC_PREPROCESSOR_DEFINITIONS = (
					"DEBUG=1",
					"$(inherited)",
				);
				GCC_SYMBOLS_PRIVATE_EXTERN = NO;
				GCC_WARN_64_TO_32_BIT_CONVERSION = YES;
				GCC_WARN_ABOUT_RETURN_TYPE = YES_ERROR;
				GCC_WARN_UNDECLARED_SELECTOR = YES;
				GCC_WARN_UNINITIALIZED_AUTOS = YES_AGGRESSIVE;
				GCC_WARN_UNUSED_FUNCTION = YES;
				GCC_WARN_UNUSED_VARIABLE = YES;
				IPHONEOS_DEPLOYMENT_TARGET = 7.1;
				ONLY_ACTIVE_ARCH = YES;
				SDKROOT = iphoneos;
			};
			name = Debug;
		};
		F1698EED1913343400DEE18B /* Release */ = {
			isa = XCBuildConfiguration;
			buildSettings = {
				ALWAYS_SEARCH_USER_PATHS = NO;
				CLANG_CXX_LANGUAGE_STANDARD = "gnu++0x";
				CLANG_CXX_LIBRARY = "libc++";
				CLANG_ENABLE_MODULES = YES;
				CLANG_ENABLE_OBJC_ARC = YES;
				CLANG_WARN_BOOL_CONVERSION = YES;
				CLANG_WARN_CONSTANT_CONVERSION = YES;
				CLANG_WARN_DIRECT_OBJC_ISA_USAGE = YES_ERROR;
				CLANG_WARN_EMPTY_BODY = YES;
				CLANG_WARN_ENUM_CONVERSION = YES;
				CLANG_WARN_INT_CONVERSION = YES;
				CLANG_WARN_OBJC_ROOT_CLASS = YES_ERROR;
				CLANG_WARN__DUPLICATE_METHOD_MATCH = YES;
				"CODE_SIGN_IDENTITY[sdk=iphoneos*]" = "iPhone Developer";
				COPY_PHASE_STRIP = YES;
				ENABLE_NS_ASSERTIONS = NO;
				GCC_C_LANGUAGE_STANDARD = gnu99;
				GCC_WARN_64_TO_32_BIT_CONVERSION = YES;
				GCC_WARN_ABOUT_RETURN_TYPE = YES_ERROR;
				GCC_WARN_UNDECLARED_SELECTOR = YES;
				GCC_WARN_UNINITIALIZED_AUTOS = YES_AGGRESSIVE;
				GCC_WARN_UNUSED_FUNCTION = YES;
				GCC_WARN_UNUSED_VARIABLE = YES;
				IPHONEOS_DEPLOYMENT_TARGET = 7.1;
				SDKROOT = iphoneos;
				VALIDATE_PRODUCT = YES;
			};
			name = Release;
		};
		F1698EEF1913343400DEE18B /* Debug */ = {
			isa = XCBuildConfiguration;
			buildSettings = {
				ASSETCATALOG_COMPILER_APPICON_NAME = AppIcon;
				ASSETCATALOG_COMPILER_LAUNCHIMAGE_NAME = LaunchImage;
				GCC_PRECOMPILE_PREFIX_HEADER = YES;
				GCC_PREFIX_HEADER = "CardGame/CardGame-Prefix.pch";
				INFOPLIST_FILE = "CardGame/CardGame-Info.plist";
				PRODUCT_NAME = "$(TARGET_NAME)";
				WRAPPER_EXTENSION = app;
			};
			name = Debug;
		};
		F1698EF01913343400DEE18B /* Release */ = {
			isa = XCBuildConfiguration;
			buildSettings = {
				ASSETCATALOG_COMPILER_APPICON_NAME = AppIcon;
				ASSETCATALOG_COMPILER_LAUNCHIMAGE_NAME = LaunchImage;
				GCC_PRECOMPILE_PREFIX_HEADER = YES;
				GCC_PREFIX_HEADER = "CardGame/CardGame-Prefix.pch";
				INFOPLIST_FILE = "CardGame/CardGame-Info.plist";
				PRODUCT_NAME = "$(TARGET_NAME)";
				WRAPPER_EXTENSION = app;
			};
			name = Release;
		};
		F1698EF21913343400DEE18B /* Debug */ = {
			isa = XCBuildConfiguration;
			buildSettings = {
				BUNDLE_LOADER = "$(BUILT_PRODUCTS_DIR)/CardGame.app/CardGame";
				FRAMEWORK_SEARCH_PATHS = (
					"$(SDKROOT)/Developer/Library/Frameworks",
					"$(inherited)",
					"$(DEVELOPER_FRAMEWORKS_DIR)",
				);
				GCC_PRECOMPILE_PREFIX_HEADER = YES;
				GCC_PREFIX_HEADER = "CardGame/CardGame-Prefix.pch";
				GCC_PREPROCESSOR_DEFINITIONS = (
					"DEBUG=1",
					"$(inherited)",
				);
				INFOPLIST_FILE = "CardGameTests/CardGameTests-Info.plist";
				PRODUCT_NAME = "$(TARGET_NAME)";
				TEST_HOST = "$(BUNDLE_LOADER)";
				WRAPPER_EXTENSION = xctest;
			};
			name = Debug;
		};
		F1698EF31913343400DEE18B /* Release */ = {
			isa = XCBuildConfiguration;
			buildSettings = {
				BUNDLE_LOADER = "$(BUILT_PRODUCTS_DIR)/CardGame.app/CardGame";
				FRAMEWORK_SEARCH_PATHS = (
					"$(SDKROOT)/Developer/Library/Frameworks",
					"$(inherited)",
					"$(DEVELOPER_FRAMEWORKS_DIR)",
				);
				GCC_PRECOMPILE_PREFIX_HEADER = YES;
				GCC_PREFIX_HEADER = "CardGame/CardGame-Prefix.pch";
				INFOPLIST_FILE = "CardGameTests/CardGameTests-Info.plist";
				PRODUCT_NAME = "$(TARGET_NAME)";
				TEST_HOST = "$(BUNDLE_LOADER)";
				WRAPPER_EXTENSION = xctest;
			};
			name = Release;
		};
/* End XCBuildConfiguration section */

/* Begin XCConfigurationList section */
		F1698EB71913343300DEE18B /* Build configuration list for PBXProject "CardGame" */ = {
			isa = XCConfigurationList;
			buildConfigurations = (
				F1698EEC1913343400DEE18B /* Debug */,
				F1698EED1913343400DEE18B /* Release */,
			);
			defaultConfigurationIsVisible = 0;
			defaultConfigurationName = Release;
		};
		F1698EEE1913343400DEE18B /* Build configuration list for PBXNativeTarget "CardGame" */ = {
			isa = XCConfigurationList;
			buildConfigurations = (
				F1698EEF1913343400DEE18B /* Debug */,
				F1698EF01913343400DEE18B /* Release */,
			);
			defaultConfigurationIsVisible = 0;
			defaultConfigurationName = Release;
		};
		F1698EF11913343400DEE18B /* Build configuration list for PBXNativeTarget "CardGameTests" */ = {
			isa = XCConfigurationList;
			buildConfigurations = (
				F1698EF21913343400DEE18B /* Debug */,
				F1698EF31913343400DEE18B /* Release */,
			);
			defaultConfigurationIsVisible = 0;
			defaultConfigurationName = Release;
		};
/* End XCConfigurationList section */
	};
	rootObject = F1698EB41913343300DEE18B /* Project object */;
}
